{
    "name": "workspace",
    "lockfileVersion": 3,
    "requires": true,
    "packages": {
        "": {
            "name": "workspace",
            "workspaces": [
                "poodio"
            ],
            "devDependencies": {
                "@napi-rs/cli": "^2.18",
                "prettier": "^3.5",
                "tell-libc": "^0.0"
            }
        },
        "node_modules/@napi-rs/cli": {
            "version": "2.18.4",
            "resolved": "https://registry.npmjs.org/@napi-rs/cli/-/cli-2.18.4.tgz",
            "integrity": "sha512-SgJeA4df9DE2iAEpr3M2H0OKl/yjtg1BnRI5/JyowS71tUWhrfSu2LT0V3vlHET+g1hBVlrO60PmEXwUEKp8Mg==",
            "dev": true,
            "license": "MIT",
            "bin": {
                "napi": "scripts/index.js"
            },
            "engines": {
                "node": ">= 10"
            },
            "funding": {
                "type": "github",
                "url": "https://github.com/sponsors/Brooooooklyn"
            }
        },
        "node_modules/@workspace/poodio": {
            "resolved": "poodio",
            "link": true
        },
        "node_modules/prettier": {
            "version": "3.5.3",
            "resolved": "https://registry.npmjs.org/prettier/-/prettier-3.5.3.tgz",
            "integrity": "sha512-QQtaxnoDJeAkDvDKWCLiwIXkTgRhwYDEQCghU9Z6q03iyek/rxRh/2lC3HB7P8sWT2xC/y5JDctPLBIGzHKbhw==",
            "dev": true,
            "license": "MIT",
            "bin": {
                "prettier": "bin/prettier.cjs"
            },
            "engines": {
                "node": ">=14"
            },
            "funding": {
                "url": "https://github.com/prettier/prettier?sponsor=1"
            }
        },
        "node_modules/tell-libc": {
            "version": "0.0.1",
            "resolved": "https://registry.npmjs.org/tell-libc/-/tell-libc-0.0.1.tgz",
            "integrity": "sha512-yB4iDx7w3Z8DHEJPK9dkXPg2gwd/Kc7d7+DkfWSIN9U58LHfilW6HiNCHOUweUNtptXi7S0R9K2BGgMagCWlng==",
            "dev": true,
            "license": "ISC",
            "bin": {
                "tell-libc": "index.js"
            }
        },
        "poodio": {
            "name": "@workspace/poodio"
        }
    }
}
