{
    "name": "poopoo",
    "lockfileVersion": 3,
    "requires": true,
    "packages": {
        "": {
            "workspaces": [
                "poodio"
            ],
            "devDependencies": {
                "@napi-rs/cli": "^2.18.4",
                "cargo-cp-artifact": "^0.1.9",
                "minimist": "^1.2.8",
                "prettier": "^3.5.3",
                "smol-toml": "^1.3.1"
            }
        },
        "node_modules/@napi-rs/cli": {
            "version": "2.18.4",
            "resolved": "https://registry.npmjs.org/@napi-rs/cli/-/cli-2.18.4.tgz",
            "integrity": "sha512-SgJeA4df9DE2iAEpr3M2H0OKl/yjtg1BnRI5/JyowS71tUWhrfSu2LT0V3vlHET+g1hBVlrO60PmEXwUEKp8Mg==",
            "dev": true,
            "license": "MIT",
            "bin": {
                "napi": "scripts/index.js"
            },
            "engines": {
                "node": ">= 10"
            },
            "funding": {
                "type": "github",
                "url": "https://github.com/sponsors/Brooooooklyn"
            }
        },
        "node_modules/@poodio/poodio-arm64-darwin-unknown": {
            "version": "0.0.5",
            "resolved": "https://registry.npmjs.org/@poodio/poodio-arm64-darwin-unknown/-/poodio-arm64-darwin-unknown-0.0.5.tgz",
            "integrity": "sha512-26++bjb8GZsy5GlZCGzGZtPJwpHqVyTowVv4YY5+e2VovPDT276xUj0DhqFaDUpCzAcBhMSSQandMhlWuzwj2Q==",
            "cpu": [
                "arm64"
            ],
            "license": "MIT",
            "optional": true,
            "os": [
                "darwin"
            ],
            "dependencies": {
                "detect-libc": "^2.0.3"
            },
            "bin": {
                "poodio-arm64-darwin-unknown": "src/node/poodio"
            }
        },
        "node_modules/cargo-cp-artifact": {
            "version": "0.1.9",
            "resolved": "https://registry.npmjs.org/cargo-cp-artifact/-/cargo-cp-artifact-0.1.9.tgz",
            "integrity": "sha512-6F+UYzTaGB+awsTXg0uSJA1/b/B3DDJzpKVRu0UmyI7DmNeaAl2RFHuTGIN6fEgpadRxoXGb7gbC1xo4C3IdyA==",
            "dev": true,
            "license": "MIT",
            "bin": {
                "cargo-cp-artifact": "bin/cargo-cp-artifact.js"
            }
        },
        "node_modules/detect-libc": {
            "version": "2.0.3",
            "license": "Apache-2.0",
            "optional": true,
            "engines": {
                "node": ">=8"
            }
        },
        "node_modules/minimist": {
            "version": "1.2.8",
            "resolved": "https://registry.npmjs.org/minimist/-/minimist-1.2.8.tgz",
            "integrity": "sha512-2yyAR8qBkN3YuheJanUpWC5U3bb5osDywNB8RzDVlDwDHbocAJveqqj1u8+SVD7jkWT4yvsHCpWqqWqAxb0zCA==",
            "dev": true,
            "license": "MIT",
            "funding": {
                "url": "https://github.com/sponsors/ljharb"
            }
        },
        "node_modules/poodio": {
            "resolved": "poodio",
            "link": true
        },
        "node_modules/prettier": {
            "version": "3.5.3",
            "resolved": "https://registry.npmjs.org/prettier/-/prettier-3.5.3.tgz",
            "integrity": "sha512-QQtaxnoDJeAkDvDKWCLiwIXkTgRhwYDEQCghU9Z6q03iyek/rxRh/2lC3HB7P8sWT2xC/y5JDctPLBIGzHKbhw==",
            "dev": true,
            "license": "MIT",
            "bin": {
                "prettier": "bin/prettier.cjs"
            },
            "engines": {
                "node": ">=14"
            },
            "funding": {
                "url": "https://github.com/prettier/prettier?sponsor=1"
            }
        },
        "node_modules/smol-toml": {
            "version": "1.3.1",
            "resolved": "https://registry.npmjs.org/smol-toml/-/smol-toml-1.3.1.tgz",
            "integrity": "sha512-tEYNll18pPKHroYSmLLrksq233j021G0giwW7P3D24jC54pQ5W5BXMsQ/Mvw1OJCmEYDgY+lrzT+3nNUtoNfXQ==",
            "dev": true,
            "license": "BSD-3-Clause",
            "engines": {
                "node": ">= 18"
            },
            "funding": {
                "url": "https://github.com/sponsors/cyyynthia"
            }
        },
        "poodio": {
            "version": "0.0.5",
            "hasInstallScript": true,
            "license": "MIT",
            "bin": {
                "poodio": "src/node/poodio"
            },
            "optionalDependencies": {
                "@poodio/poodio-arm64-darwin-unknown": "0.0.5",
                "@poodio/poodio-arm64-linux-glibc": "0.0.5",
                "@poodio/poodio-arm64-win32-unknown": "0.0.5",
                "@poodio/poodio-ia32-linux-glibc": "0.0.5",
                "@poodio/poodio-ia32-win32-unknown": "0.0.5",
                "@poodio/poodio-x64-darwin-unknown": "0.0.5",
                "@poodio/poodio-x64-linux-glibc": "0.0.5",
                "@poodio/poodio-x64-win32-unknown": "0.0.5"
            }
        }
    }
}
