{
    "name": "poopoo",
    "lockfileVersion": 3,
    "requires": true,
    "packages": {
        "": {
            "workspaces": [
                "poodio",
                "poodio/test/e2e/bin",
                "poodio/test/e2e/npm"
            ],
            "devDependencies": {
                "@napi-rs/cli": "^2.18.4",
                "minimist": "^1.2.8",
                "prettier": "^3.5.3",
                "smol-toml": "^1.3.1",
                "uvu": "^0.5.6"
            }
        },
        "node_modules/@napi-rs/cli": {
            "version": "2.18.4",
            "resolved": "https://registry.npmjs.org/@napi-rs/cli/-/cli-2.18.4.tgz",
            "integrity": "sha512-SgJeA4df9DE2iAEpr3M2H0OKl/yjtg1BnRI5/JyowS71tUWhrfSu2LT0V3vlHET+g1hBVlrO60PmEXwUEKp8Mg==",
            "dev": true,
            "license": "MIT",
            "bin": {
                "napi": "scripts/index.js"
            },
            "engines": {
                "node": ">= 10"
            },
            "funding": {
                "type": "github",
                "url": "https://github.com/sponsors/Brooooooklyn"
            }
        },
        "node_modules/@poodio/test-e2e-bin": {
            "resolved": "poodio/test/e2e/bin",
            "link": true
        },
        "node_modules/@poodio/test-e2e-npm": {
            "resolved": "poodio/test/e2e/npm",
            "link": true
        },
        "node_modules/dequal": {
            "version": "2.0.3",
            "resolved": "https://registry.npmjs.org/dequal/-/dequal-2.0.3.tgz",
            "integrity": "sha512-0je+qPKHEMohvfRTCEo3CrPG6cAzAYgmzKyxRiYSSDkS6eGJdyVJm7WaYA5ECaAD9wLB2T4EEeymA5aFVcYXCA==",
            "dev": true,
            "license": "MIT",
            "engines": {
                "node": ">=6"
            }
        },
        "node_modules/diff": {
            "version": "5.2.0",
            "resolved": "https://registry.npmjs.org/diff/-/diff-5.2.0.tgz",
            "integrity": "sha512-uIFDxqpRZGZ6ThOk84hEfqWoHx2devRFvpTZcTHur85vImfaxUbTW9Ryh4CpCuDnToOP1CEtXKIgytHBPVff5A==",
            "dev": true,
            "license": "BSD-3-Clause",
            "engines": {
                "node": ">=0.3.1"
            }
        },
        "node_modules/kleur": {
            "version": "4.1.5",
            "resolved": "https://registry.npmjs.org/kleur/-/kleur-4.1.5.tgz",
            "integrity": "sha512-o+NO+8WrRiQEE4/7nwRJhN1HWpVmJm511pBHUxPLtp0BUISzlBplORYSmTclCnJvQq2tKu/sgl3xVpkc7ZWuQQ==",
            "dev": true,
            "license": "MIT",
            "engines": {
                "node": ">=6"
            }
        },
        "node_modules/minimist": {
            "version": "1.2.8",
            "resolved": "https://registry.npmjs.org/minimist/-/minimist-1.2.8.tgz",
            "integrity": "sha512-2yyAR8qBkN3YuheJanUpWC5U3bb5osDywNB8RzDVlDwDHbocAJveqqj1u8+SVD7jkWT4yvsHCpWqqWqAxb0zCA==",
            "dev": true,
            "license": "MIT",
            "funding": {
                "url": "https://github.com/sponsors/ljharb"
            }
        },
        "node_modules/mri": {
            "version": "1.2.0",
            "resolved": "https://registry.npmjs.org/mri/-/mri-1.2.0.tgz",
            "integrity": "sha512-tzzskb3bG8LvYGFF/mDTpq3jpI6Q9wc3LEmBaghu+DdCssd1FakN7Bc0hVNmEyGq1bq3RgfkCb3cmQLpNPOroA==",
            "dev": true,
            "license": "MIT",
            "engines": {
                "node": ">=4"
            }
        },
        "node_modules/poodio": {
            "resolved": "poodio",
            "link": true
        },
        "node_modules/prettier": {
            "version": "3.5.3",
            "resolved": "https://registry.npmjs.org/prettier/-/prettier-3.5.3.tgz",
            "integrity": "sha512-QQtaxnoDJeAkDvDKWCLiwIXkTgRhwYDEQCghU9Z6q03iyek/rxRh/2lC3HB7P8sWT2xC/y5JDctPLBIGzHKbhw==",
            "dev": true,
            "license": "MIT",
            "bin": {
                "prettier": "bin/prettier.cjs"
            },
            "engines": {
                "node": ">=14"
            },
            "funding": {
                "url": "https://github.com/prettier/prettier?sponsor=1"
            }
        },
        "node_modules/sade": {
            "version": "1.8.1",
            "resolved": "https://registry.npmjs.org/sade/-/sade-1.8.1.tgz",
            "integrity": "sha512-xal3CZX1Xlo/k4ApwCFrHVACi9fBqJ7V+mwhBsuf/1IOKbBy098Fex+Wa/5QMubw09pSZ/u8EY8PWgevJsXp1A==",
            "dev": true,
            "license": "MIT",
            "dependencies": {
                "mri": "^1.1.0"
            },
            "engines": {
                "node": ">=6"
            }
        },
        "node_modules/smol-toml": {
            "version": "1.3.1",
            "resolved": "https://registry.npmjs.org/smol-toml/-/smol-toml-1.3.1.tgz",
            "integrity": "sha512-tEYNll18pPKHroYSmLLrksq233j021G0giwW7P3D24jC54pQ5W5BXMsQ/Mvw1OJCmEYDgY+lrzT+3nNUtoNfXQ==",
            "dev": true,
            "license": "BSD-3-Clause",
            "engines": {
                "node": ">= 18"
            },
            "funding": {
                "url": "https://github.com/sponsors/cyyynthia"
            }
        },
        "node_modules/uvu": {
            "version": "0.5.6",
            "resolved": "https://registry.npmjs.org/uvu/-/uvu-0.5.6.tgz",
            "integrity": "sha512-+g8ENReyr8YsOc6fv/NVJs2vFdHBnBNdfE49rshrTzDWOlUx4Gq7KOS2GD8eqhy2j+Ejq29+SbKH8yjkAqXqoA==",
            "dev": true,
            "license": "MIT",
            "dependencies": {
                "dequal": "^2.0.0",
                "diff": "^5.0.0",
                "kleur": "^4.0.3",
                "sade": "^1.7.3"
            },
            "bin": {
                "uvu": "bin.js"
            },
            "engines": {
                "node": ">=8"
            }
        },
        "poodio": {
            "version": "0.0.12",
            "license": "MIT",
            "bin": {
                "poodio": "src/node/poodio.cjs"
            }
        },
        "poodio/test/e2e/bin": {
            "name": "@poodio/test-e2e-bin",
            "bin": {
                "test-e2e-bin": "test.cjs"
            }
        },
        "poodio/test/e2e/npm": {
            "name": "@poodio/test-e2e-npm",
            "bin": {
                "test-e2e-npm": "test.cjs"
            }
        }
    }
}
